
Microsoft Visual Studio Solution File, Format Version 12.00
# Visual Studio Version 17
VisualStudioVersion = 17.7.34031.279
MinimumVisualStudioVersion = 10.0.40219.1
Project("{FAE04EC0-301F-11D3-BF4B-00C04F79EFBC}") = "MVC_1", "MVC_1\MVC_1.csproj", "{5818FA02-7640-4584-B883-503A2B17D408}"
EndProject
Global
	GlobalSection(SolutionConfigurationPlatforms) = preSolution
		Debug|Any CPU = Debug|Any CPU
		Release|Any CPU = Release|Any CPU
	EndGlobalSection
	GlobalSection(ProjectConfigurationPlatforms) = postSolution
		{5818FA02-7640-4584-B883-503A2B17D408}.Debug|Any CPU.ActiveCfg = Debug|Any CPU
		{5818FA02-7640-4584-B883-503A2B17D408}.Debug|Any CPU.Build.0 = Debug|Any CPU
		{5818FA02-7640-4584-B883-503A2B17D408}.Release|Any CPU.ActiveCfg = Release|Any CPU
		{5818FA02-7640-4584-B883-503A2B17D408}.Release|Any CPU.Build.0 = Release|Any CPU
	EndGlobalSection
	GlobalSection(SolutionProperties) = preSolution
		HideSolutionNode = FALSE
	EndGlobalSection
	GlobalSection(ExtensibilityGlobals) = postSolution
		SolutionGuid = {A0755725-B006-47C2-91D4-DCAC809B26F2}
	EndGlobalSection
EndGlobal
